
Microsoft Visual Studio Solution File, Format Version 12.00
# Visual Studio Version 17
VisualStudioVersion = 17.9.34714.143
MinimumVisualStudioVersion = 10.0.40219.1
Project("{FAE04EC0-301F-11D3-BF4B-00C04F79EFBC}") = "LoginForm", "LoginForm\LoginForm.csproj", "{2005501C-0327-40D0-AFE5-E242FEC9D3EF}"
EndProject
Global
	GlobalSection(SolutionConfigurationPlatforms) = preSolution
		Debug|Any CPU = Debug|Any CPU
		Release|Any CPU = Release|Any CPU
	EndGlobalSection
	GlobalSection(ProjectConfigurationPlatforms) = postSolution
		{2005501C-0327-40D0-AFE5-E242FEC9D3EF}.Debug|Any CPU.ActiveCfg = Debug|Any CPU
		{2005501C-0327-40D0-AFE5-E242FEC9D3EF}.Debug|Any CPU.Build.0 = Debug|Any CPU
		{2005501C-0327-40D0-AFE5-E242FEC9D3EF}.Release|Any CPU.ActiveCfg = Release|Any CPU
		{2005501C-0327-40D0-AFE5-E242FEC9D3EF}.Release|Any CPU.Build.0 = Release|Any CPU
	EndGlobalSection
	GlobalSection(SolutionProperties) = preSolution
		HideSolutionNode = FALSE
	EndGlobalSection
	GlobalSection(ExtensibilityGlobals) = postSolution
		SolutionGuid = {48BBA34D-62A3-47CE-B4BE-8786799830CC}
	EndGlobalSection
EndGlobal
